
Microsoft Visual Studio Solution File, Format Version 12.00
# Visual Studio Version 16
VisualStudioVersion = 16.0.29709.97
MinimumVisualStudioVersion = 10.0.40219.1
Project("{9092AA53-FB77-4645-B42D-1CCCA6BD08BD}") = "socketio_serv", "socketio_serv\socketio_serv.njsproj", "{90768B1A-4AFD-46F4-B082-6752AA520C39}"
EndProject
Global
	GlobalSection(SolutionConfigurationPlatforms) = preSolution
		Debug|Any CPU = Debug|Any CPU
		Release|Any CPU = Release|Any CPU
	EndGlobalSection
	GlobalSection(ProjectConfigurationPlatforms) = postSolution
		{90768B1A-4AFD-46F4-B082-6752AA520C39}.Debug|Any CPU.ActiveCfg = Debug|Any CPU
		{90768B1A-4AFD-46F4-B082-6752AA520C39}.Debug|Any CPU.Build.0 = Debug|Any CPU
		{90768B1A-4AFD-46F4-B082-6752AA520C39}.Release|Any CPU.ActiveCfg = Release|Any CPU
		{90768B1A-4AFD-46F4-B082-6752AA520C39}.Release|Any CPU.Build.0 = Release|Any CPU
	EndGlobalSection
	GlobalSection(SolutionProperties) = preSolution
		HideSolutionNode = FALSE
	EndGlobalSection
	GlobalSection(ExtensibilityGlobals) = postSolution
		SolutionGuid = {37DF81E5-401C-4966-9254-638C682E4EE1}
	EndGlobalSection
EndGlobal
